
Microsoft Visual Studio Solution File, Format Version 12.00
# Visual Studio Version 16
VisualStudioVersion = 16.0.30114.105
MinimumVisualStudioVersion = 10.0.40219.1
Project("{9A19103F-16F7-4668-BE54-9A1E7A4F7556}") = "Csl_1", "Csl_1\Csl_1.csproj", "{05EBCD40-F3FF-453A-92EC-7C1D9BD21203}"
EndProject
Project("{9A19103F-16F7-4668-BE54-9A1E7A4F7556}") = "XmSource", "XmSource\XmSource.csproj", "{9306C609-E548-4951-BA56-C1EF06350EDE}"
EndProject
Project("{FAE04EC0-301F-11D3-BF4B-00C04F79EFBC}") = "Csl_2", "Csl_2\Csl_2.csproj", "{6CA078BC-52DD-4F11-A219-F33D7C28168E}"
EndProject
Global
	GlobalSection(SolutionConfigurationPlatforms) = preSolution
		Debug|Any CPU = Debug|Any CPU
		Debug|x64 = Debug|x64
		Debug|x86 = Debug|x86
		Release|Any CPU = Release|Any CPU
		Release|x64 = Release|x64
		Release|x86 = Release|x86
	EndGlobalSection
	GlobalSection(ProjectConfigurationPlatforms) = postSolution
		{05EBCD40-F3FF-453A-92EC-7C1D9BD21203}.Debug|Any CPU.ActiveCfg = Debug|Any CPU
		{05EBCD40-F3FF-453A-92EC-7C1D9BD21203}.Debug|Any CPU.Build.0 = Debug|Any CPU
		{05EBCD40-F3FF-453A-92EC-7C1D9BD21203}.Debug|x64.ActiveCfg = Debug|Any CPU
		{05EBCD40-F3FF-453A-92EC-7C1D9BD21203}.Debug|x64.Build.0 = Debug|Any CPU
		{05EBCD40-F3FF-453A-92EC-7C1D9BD21203}.Debug|x86.ActiveCfg = Debug|Any CPU
		{05EBCD40-F3FF-453A-92EC-7C1D9BD21203}.Debug|x86.Build.0 = Debug|Any CPU
		{05EBCD40-F3FF-453A-92EC-7C1D9BD21203}.Release|Any CPU.ActiveCfg = Release|Any CPU
		{05EBCD40-F3FF-453A-92EC-7C1D9BD21203}.Release|Any CPU.Build.0 = Release|Any CPU
		{05EBCD40-F3FF-453A-92EC-7C1D9BD21203}.Release|x64.ActiveCfg = Release|Any CPU
		{05EBCD40-F3FF-453A-92EC-7C1D9BD21203}.Release|x64.Build.0 = Release|Any CPU
		{05EBCD40-F3FF-453A-92EC-7C1D9BD21203}.Release|x86.ActiveCfg = Release|Any CPU
		{05EBCD40-F3FF-453A-92EC-7C1D9BD21203}.Release|x86.Build.0 = Release|Any CPU
		{9306C609-E548-4951-BA56-C1EF06350EDE}.Debug|Any CPU.ActiveCfg = Debug|Any CPU
		{9306C609-E548-4951-BA56-C1EF06350EDE}.Debug|Any CPU.Build.0 = Debug|Any CPU
		{9306C609-E548-4951-BA56-C1EF06350EDE}.Debug|x64.ActiveCfg = Debug|Any CPU
		{9306C609-E548-4951-BA56-C1EF06350EDE}.Debug|x64.Build.0 = Debug|Any CPU
		{9306C609-E548-4951-BA56-C1EF06350EDE}.Debug|x86.ActiveCfg = Debug|Any CPU
		{9306C609-E548-4951-BA56-C1EF06350EDE}.Debug|x86.Build.0 = Debug|Any CPU
		{9306C609-E548-4951-BA56-C1EF06350EDE}.Release|Any CPU.ActiveCfg = Release|Any CPU
		{9306C609-E548-4951-BA56-C1EF06350EDE}.Release|Any CPU.Build.0 = Release|Any CPU
		{9306C609-E548-4951-BA56-C1EF06350EDE}.Release|x64.ActiveCfg = Release|Any CPU
		{9306C609-E548-4951-BA56-C1EF06350EDE}.Release|x64.Build.0 = Release|Any CPU
		{9306C609-E548-4951-BA56-C1EF06350EDE}.Release|x86.ActiveCfg = Release|Any CPU
		{9306C609-E548-4951-BA56-C1EF06350EDE}.Release|x86.Build.0 = Release|Any CPU
		{6CA078BC-52DD-4F11-A219-F33D7C28168E}.Debug|Any CPU.ActiveCfg = Debug|Any CPU
		{6CA078BC-52DD-4F11-A219-F33D7C28168E}.Debug|Any CPU.Build.0 = Debug|Any CPU
		{6CA078BC-52DD-4F11-A219-F33D7C28168E}.Debug|x64.ActiveCfg = Debug|Any CPU
		{6CA078BC-52DD-4F11-A219-F33D7C28168E}.Debug|x64.Build.0 = Debug|Any CPU
		{6CA078BC-52DD-4F11-A219-F33D7C28168E}.Debug|x86.ActiveCfg = Debug|Any CPU
		{6CA078BC-52DD-4F11-A219-F33D7C28168E}.Debug|x86.Build.0 = Debug|Any CPU
		{6CA078BC-52DD-4F11-A219-F33D7C28168E}.Release|Any CPU.ActiveCfg = Release|Any CPU
		{6CA078BC-52DD-4F11-A219-F33D7C28168E}.Release|Any CPU.Build.0 = Release|Any CPU
		{6CA078BC-52DD-4F11-A219-F33D7C28168E}.Release|x64.ActiveCfg = Release|Any CPU
		{6CA078BC-52DD-4F11-A219-F33D7C28168E}.Release|x64.Build.0 = Release|Any CPU
		{6CA078BC-52DD-4F11-A219-F33D7C28168E}.Release|x86.ActiveCfg = Release|Any CPU
		{6CA078BC-52DD-4F11-A219-F33D7C28168E}.Release|x86.Build.0 = Release|Any CPU
	EndGlobalSection
	GlobalSection(SolutionProperties) = preSolution
		HideSolutionNode = FALSE
	EndGlobalSection
	GlobalSection(ExtensibilityGlobals) = postSolution
		SolutionGuid = {BAE40840-5458-4B53-8764-C5282E2AA325}
	EndGlobalSection
EndGlobal
